// !$*UTF8*$!
{
	archiveVersion = 1;
	classes = {
	};
	objectVersion = 56;
	objects = {

/* Begin PBXBuildFile section */
		3C1AE16A95DF52479970FF5B /* Pods_CoverApps.framework in Frameworks */ = {isa = PBXBuildFile; fileRef = 7890479244B28E37C2DBBE88 /* Pods_CoverApps.framework */; };
		5536D3C5295D84CC00D78D46 /* PasswordView.swift in Sources */ = {isa = PBXBuildFile; fileRef = 5536D3C4295D84CC00D78D46 /* PasswordView.swift */; };
		5536D3C8295E80C700D78D46 /* LocationManager.swift in Sources */ = {isa = PBXBuildFile; fileRef = 5536D3C7295E80C700D78D46 /* LocationManager.swift */; };
		5536D3CB295E81D300D78D46 /* PasswordManager.swift in Sources */ = {isa = PBXBuildFile; fileRef = 5536D3CA295E81D300D78D46 /* PasswordManager.swift */; };
		5536D3CD295E823F00D78D46 /* Animial.swift in Sources */ = {isa = PBXBuildFile; fileRef = 5536D3CC295E823F00D78D46 /* Animial.swift */; };
		5536D3CF295EBFDB00D78D46 /* NoteListView.swift in Sources */ = {isa = PBXBuildFile; fileRef = 5536D3CE295EBFDB00D78D46 /* NoteListView.swift */; };
		5536D3D1295EC9CC00D78D46 /* NoteManager.swift in Sources */ = {isa = PBXBuildFile; fileRef = 5536D3D0295EC9CC00D78D46 /* NoteManager.swift */; };
		553D30F129666B5A0060D121 /* MainViewFactory.swift in Sources */ = {isa = PBXBuildFile; fileRef = 553D30F029666B5A0060D121 /* MainViewFactory.swift */; };
		553D30F32966738E0060D121 /* SceneDelegate.swift in Sources */ = {isa = PBXBuildFile; fileRef = 553D30F22966738E0060D121 /* SceneDelegate.swift */; };
		553D30F5296673A10060D121 /* AppDelegate.swift in Sources */ = {isa = PBXBuildFile; fileRef = 553D30F4296673A10060D121 /* AppDelegate.swift */; };
		553D30F7296674140060D121 /* BGAppRefreshTool.swift in Sources */ = {isa = PBXBuildFile; fileRef = 553D30F6296674140060D121 /* BGAppRefreshTool.swift */; };
		5581434C29B6D29500B96272 /* Localizable.strings in Resources */ = {isa = PBXBuildFile; fileRef = 5581434A29B6D29500B96272 /* Localizable.strings */; };
		5581435229B72DA600B96272 /* LoadingView.swift in Sources */ = {isa = PBXBuildFile; fileRef = 5581435129B72DA600B96272 /* LoadingView.swift */; };
		5581435429B7316200B96272 /* ToastView.swift in Sources */ = {isa = PBXBuildFile; fileRef = 5581435329B7316200B96272 /* ToastView.swift */; };
		55949D1029778EEA00DE40E7 /* HomePage.swift in Sources */ = {isa = PBXBuildFile; fileRef = 55949D0F29778EEA00DE40E7 /* HomePage.swift */; };
		55949D1229778F0800DE40E7 /* SettingPage.swift in Sources */ = {isa = PBXBuildFile; fileRef = 55949D1129778F0800DE40E7 /* SettingPage.swift */; };
		55949D1B2977926400DE40E7 /* Localizable.strings in Resources */ = {isa = PBXBuildFile; fileRef = 55949D192977926400DE40E7 /* Localizable.strings */; };
		55949D1F2977A6CB00DE40E7 /* NoteDetailView.swift in Sources */ = {isa = PBXBuildFile; fileRef = 55949D1E2977A6CB00DE40E7 /* NoteDetailView.swift */; };
		55949D212977A72800DE40E7 /* Route.swift in Sources */ = {isa = PBXBuildFile; fileRef = 55949D202977A72800DE40E7 /* Route.swift */; };
		55A29D5C295ACCC900C01933 /* CoverApps.swift in Sources */ = {isa = PBXBuildFile; fileRef = 55A29D5B295ACCC900C01933 /* CoverApps.swift */; };
		55A29D60295ACCCB00C01933 /* Assets.xcassets in Resources */ = {isa = PBXBuildFile; fileRef = 55A29D5F295ACCCB00C01933 /* Assets.xcassets */; };
		55A29D63295ACCCB00C01933 /* Preview Assets.xcassets in Resources */ = {isa = PBXBuildFile; fileRef = 55A29D62295ACCCB00C01933 /* Preview Assets.xcassets */; };
		55A29D68295ACCCB00C01933 /* CoverApps.xcdatamodeld in Sources */ = {isa = PBXBuildFile; fileRef = 55A29D66295ACCCB00C01933 /* CoverApps.xcdatamodeld */; };
		55A29D72295ACCCB00C01933 /* CoverAppsTests.swift in Sources */ = {isa = PBXBuildFile; fileRef = 55A29D71295ACCCB00C01933 /* CoverAppsTests.swift */; };
		55A29D7C295ACCCB00C01933 /* CoverAppsUITests.swift in Sources */ = {isa = PBXBuildFile; fileRef = 55A29D7B295ACCCB00C01933 /* CoverAppsUITests.swift */; };
		55A29D7E295ACCCB00C01933 /* CoverAppsUITestsLaunchTests.swift in Sources */ = {isa = PBXBuildFile; fileRef = 55A29D7D295ACCCB00C01933 /* CoverAppsUITestsLaunchTests.swift */; };
		55A29D8D295AF70100C01933 /* MainView.swift in Sources */ = {isa = PBXBuildFile; fileRef = 55A29D8C295AF70100C01933 /* MainView.swift */; };
		55A29D8F295BEB6000C01933 /* ScreenCardView.swift in Sources */ = {isa = PBXBuildFile; fileRef = 55A29D8E295BEB6000C01933 /* ScreenCardView.swift */; };
		55A29D91295BF3E200C01933 /* ScreenLockManager.swift in Sources */ = {isa = PBXBuildFile; fileRef = 55A29D90295BF3E200C01933 /* ScreenLockManager.swift */; };
		55EE44002963D4690067C674 /* PaymentManager.swift in Sources */ = {isa = PBXBuildFile; fileRef = 55EE43FF2963D4690067C674 /* PaymentManager.swift */; };
		55EE4403296428E30067C674 /* BackgroundTasks.framework in Frameworks */ = {isa = PBXBuildFile; fileRef = 55EE4402296428E30067C674 /* BackgroundTasks.framework */; };
		AAD51EEA35991517D938AF49 /* Pods_CoverApps_CoverAppsUITests.framework in Frameworks */ = {isa = PBXBuildFile; fileRef = CD17AC33FD96A75F23F0E4F1 /* Pods_CoverApps_CoverAppsUITests.framework */; };
		F754D8651E2E716CA26381A4 /* Pods_CoverAppsTests.framework in Frameworks */ = {isa = PBXBuildFile; fileRef = E924E8F008B0C4C75EBF6BE5 /* Pods_CoverAppsTests.framework */; };
/* End PBXBuildFile section */

/* Begin PBXContainerItemProxy section */
		55A29D6E295ACCCB00C01933 /* PBXContainerItemProxy */ = {
			isa = PBXContainerItemProxy;
			containerPortal = 55A29D50295ACCC900C01933 /* Project object */;
			proxyType = 1;
			remoteGlobalIDString = 55A29D57295ACCC900C01933;
			remoteInfo = CoverApps;
		};
		55A29D78295ACCCB00C01933 /* PBXContainerItemProxy */ = {
			isa = PBXContainerItemProxy;
			containerPortal = 55A29D50295ACCC900C01933 /* Project object */;
			proxyType = 1;
			remoteGlobalIDString = 55A29D57295ACCC900C01933;
			remoteInfo = CoverApps;
		};
/* End PBXContainerItemProxy section */

/* Begin PBXFileReference section */
		25C45CE0D90A96818AA1E41B /* Pods-CoverApps-CoverAppsUITests.release.xcconfig */ = {isa = PBXFileReference; includeInIndex = 1; lastKnownFileType = text.xcconfig; name = "Pods-CoverApps-CoverAppsUITests.release.xcconfig"; path = "Target Support Files/Pods-CoverApps-CoverAppsUITests/Pods-CoverApps-CoverAppsUITests.release.xcconfig"; sourceTree = "<group>"; };
		2A9FA1867C3E98171E8693B9 /* Pods-CoverAppsTests.release.xcconfig */ = {isa = PBXFileReference; includeInIndex = 1; lastKnownFileType = text.xcconfig; name = "Pods-CoverAppsTests.release.xcconfig"; path = "Target Support Files/Pods-CoverAppsTests/Pods-CoverAppsTests.release.xcconfig"; sourceTree = "<group>"; };
		2F6191F80BCACD43877F2BE5 /* Pods-CoverApps.release.xcconfig */ = {isa = PBXFileReference; includeInIndex = 1; lastKnownFileType = text.xcconfig; name = "Pods-CoverApps.release.xcconfig"; path = "Target Support Files/Pods-CoverApps/Pods-CoverApps.release.xcconfig"; sourceTree = "<group>"; };
		5536D3C4295D84CC00D78D46 /* PasswordView.swift */ = {isa = PBXFileReference; lastKnownFileType = sourcecode.swift; path = PasswordView.swift; sourceTree = "<group>"; };
		5536D3C7295E80C700D78D46 /* LocationManager.swift */ = {isa = PBXFileReference; lastKnownFileType = sourcecode.swift; path = LocationManager.swift; sourceTree = "<group>"; };
		5536D3CA295E81D300D78D46 /* PasswordManager.swift */ = {isa = PBXFileReference; lastKnownFileType = sourcecode.swift; path = PasswordManager.swift; sourceTree = "<group>"; };
		5536D3CC295E823F00D78D46 /* Animial.swift */ = {isa = PBXFileReference; lastKnownFileType = sourcecode.swift; path = Animial.swift; sourceTree = "<group>"; };
		5536D3CE295EBFDB00D78D46 /* NoteListView.swift */ = {isa = PBXFileReference; lastKnownFileType = sourcecode.swift; path = NoteListView.swift; sourceTree = "<group>"; };
		5536D3D0295EC9CC00D78D46 /* NoteManager.swift */ = {isa = PBXFileReference; lastKnownFileType = sourcecode.swift; path = NoteManager.swift; sourceTree = "<group>"; };
		553D30F029666B5A0060D121 /* MainViewFactory.swift */ = {isa = PBXFileReference; lastKnownFileType = sourcecode.swift; path = MainViewFactory.swift; sourceTree = "<group>"; };
		553D30F22966738E0060D121 /* SceneDelegate.swift */ = {isa = PBXFileReference; lastKnownFileType = sourcecode.swift; path = SceneDelegate.swift; sourceTree = "<group>"; };
		553D30F4296673A10060D121 /* AppDelegate.swift */ = {isa = PBXFileReference; lastKnownFileType = sourcecode.swift; path = AppDelegate.swift; sourceTree = "<group>"; };
		553D30F6296674140060D121 /* BGAppRefreshTool.swift */ = {isa = PBXFileReference; lastKnownFileType = sourcecode.swift; path = BGAppRefreshTool.swift; sourceTree = "<group>"; };
		553D30F829667CF90060D121 /* libsqlite3.0.tbd */ = {isa = PBXFileReference; lastKnownFileType = "sourcecode.text-based-dylib-definition"; name = libsqlite3.0.tbd; path = usr/lib/libsqlite3.0.tbd; sourceTree = SDKROOT; };
		5581434B29B6D29500B96272 /* zch */ = {isa = PBXFileReference; lastKnownFileType = text.plist.strings; name = zch; path = Localizable.strings; sourceTree = "<group>"; };
		5581435129B72DA600B96272 /* LoadingView.swift */ = {isa = PBXFileReference; lastKnownFileType = sourcecode.swift; path = LoadingView.swift; sourceTree = "<group>"; };
		5581435329B7316200B96272 /* ToastView.swift */ = {isa = PBXFileReference; lastKnownFileType = sourcecode.swift; path = ToastView.swift; sourceTree = "<group>"; };
		55949D0F29778EEA00DE40E7 /* HomePage.swift */ = {isa = PBXFileReference; lastKnownFileType = sourcecode.swift; path = HomePage.swift; sourceTree = "<group>"; };
		55949D1129778F0800DE40E7 /* SettingPage.swift */ = {isa = PBXFileReference; lastKnownFileType = sourcecode.swift; path = SettingPage.swift; sourceTree = "<group>"; };
		55949D1A2977926400DE40E7 /* en */ = {isa = PBXFileReference; lastKnownFileType = text.plist.strings; name = en; path = Localizable.strings; sourceTree = "<group>"; };
		55949D1E2977A6CB00DE40E7 /* NoteDetailView.swift */ = {isa = PBXFileReference; lastKnownFileType = sourcecode.swift; path = NoteDetailView.swift; sourceTree = "<group>"; };
		55949D202977A72800DE40E7 /* Route.swift */ = {isa = PBXFileReference; lastKnownFileType = sourcecode.swift; path = Route.swift; sourceTree = "<group>"; };
		55A29D58295ACCC900C01933 /* CoverApps.app */ = {isa = PBXFileReference; explicitFileType = wrapper.application; includeInIndex = 0; path = CoverApps.app; sourceTree = BUILT_PRODUCTS_DIR; };
		55A29D5B295ACCC900C01933 /* CoverApps.swift */ = {isa = PBXFileReference; lastKnownFileType = sourcecode.swift; path = CoverApps.swift; sourceTree = "<group>"; };
		55A29D5F295ACCCB00C01933 /* Assets.xcassets */ = {isa = PBXFileReference; lastKnownFileType = folder.assetcatalog; path = Assets.xcassets; sourceTree = "<group>"; };
		55A29D62295ACCCB00C01933 /* Preview Assets.xcassets */ = {isa = PBXFileReference; lastKnownFileType = folder.assetcatalog; path = "Preview Assets.xcassets"; sourceTree = "<group>"; };
		55A29D67295ACCCB00C01933 /* CoverApps.xcdatamodel */ = {isa = PBXFileReference; lastKnownFileType = wrapper.xcdatamodel; path = CoverApps.xcdatamodel; sourceTree = "<group>"; };
		55A29D6D295ACCCB00C01933 /* CoverAppsTests.xctest */ = {isa = PBXFileReference; explicitFileType = wrapper.cfbundle; includeInIndex = 0; path = CoverAppsTests.xctest; sourceTree = BUILT_PRODUCTS_DIR; };
		55A29D71295ACCCB00C01933 /* CoverAppsTests.swift */ = {isa = PBXFileReference; lastKnownFileType = sourcecode.swift; path = CoverAppsTests.swift; sourceTree = "<group>"; };
		55A29D77295ACCCB00C01933 /* CoverAppsUITests.xctest */ = {isa = PBXFileReference; explicitFileType = wrapper.cfbundle; includeInIndex = 0; path = CoverAppsUITests.xctest; sourceTree = BUILT_PRODUCTS_DIR; };
		55A29D7B295ACCCB00C01933 /* CoverAppsUITests.swift */ = {isa = PBXFileReference; lastKnownFileType = sourcecode.swift; path = CoverAppsUITests.swift; sourceTree = "<group>"; };
		55A29D7D295ACCCB00C01933 /* CoverAppsUITestsLaunchTests.swift */ = {isa = PBXFileReference; lastKnownFileType = sourcecode.swift; path = CoverAppsUITestsLaunchTests.swift; sourceTree = "<group>"; };
		55A29D8A295ACE3600C01933 /* Info.plist */ = {isa = PBXFileReference; lastKnownFileType = text.plist; path = Info.plist; sourceTree = "<group>"; };
		55A29D8B295ACECF00C01933 /* CoverApps.entitlements */ = {isa = PBXFileReference; lastKnownFileType = text.plist.entitlements; path = CoverApps.entitlements; sourceTree = "<group>"; };
		55A29D8C295AF70100C01933 /* MainView.swift */ = {isa = PBXFileReference; lastKnownFileType = sourcecode.swift; path = MainView.swift; sourceTree = "<group>"; };
		55A29D8E295BEB6000C01933 /* ScreenCardView.swift */ = {isa = PBXFileReference; lastKnownFileType = sourcecode.swift; path = ScreenCardView.swift; sourceTree = "<group>"; };
		55A29D90295BF3E200C01933 /* ScreenLockManager.swift */ = {isa = PBXFileReference; lastKnownFileType = sourcecode.swift; path = ScreenLockManager.swift; sourceTree = "<group>"; };
		55EE43FF2963D4690067C674 /* PaymentManager.swift */ = {isa = PBXFileReference; lastKnownFileType = sourcecode.swift; path = PaymentManager.swift; sourceTree = "<group>"; };
		55EE4402296428E30067C674 /* BackgroundTasks.framework */ = {isa = PBXFileReference; lastKnownFileType = wrapper.framework; name = BackgroundTasks.framework; path = System/Library/Frameworks/BackgroundTasks.framework; sourceTree = SDKROOT; };
		7890479244B28E37C2DBBE88 /* Pods_CoverApps.framework */ = {isa = PBXFileReference; explicitFileType = wrapper.framework; includeInIndex = 0; path = Pods_CoverApps.framework; sourceTree = BUILT_PRODUCTS_DIR; };
		7DD4190FF4CCB44F53D6BEC2 /* Pods-CoverApps.debug.xcconfig */ = {isa = PBXFileReference; includeInIndex = 1; lastKnownFileType = text.xcconfig; name = "Pods-CoverApps.debug.xcconfig"; path = "Target Support Files/Pods-CoverApps/Pods-CoverApps.debug.xcconfig"; sourceTree = "<group>"; };
		C8D4BF3EAA3CEBFEE35C1732 /* Pods-CoverAppsTests.debug.xcconfig */ = {isa = PBXFileReference; includeInIndex = 1; lastKnownFileType = text.xcconfig; name = "Pods-CoverAppsTests.debug.xcconfig"; path = "Target Support Files/Pods-CoverAppsTests/Pods-CoverAppsTests.debug.xcconfig"; sourceTree = "<group>"; };
		CD17AC33FD96A75F23F0E4F1 /* Pods_CoverApps_CoverAppsUITests.framework */ = {isa = PBXFileReference; explicitFileType = wrapper.framework; includeInIndex = 0; path = Pods_CoverApps_CoverAppsUITests.framework; sourceTree = BUILT_PRODUCTS_DIR; };
		E4AC88A0EF06DC5164B1B188 /* Pods-CoverApps-CoverAppsUITests.debug.xcconfig */ = {isa = PBXFileReference; includeInIndex = 1; lastKnownFileType = text.xcconfig; name = "Pods-CoverApps-CoverAppsUITests.debug.xcconfig"; path = "Target Support Files/Pods-CoverApps-CoverAppsUITests/Pods-CoverApps-CoverAppsUITests.debug.xcconfig"; sourceTree = "<group>"; };
		E924E8F008B0C4C75EBF6BE5 /* Pods_CoverAppsTests.framework */ = {isa = PBXFileReference; explicitFileType = wrapper.framework; includeInIndex = 0; path = Pods_CoverAppsTests.framework; sourceTree = BUILT_PRODUCTS_DIR; };
/* End PBXFileReference section */

/* Begin PBXFrameworksBuildPhase section */
		55A29D55295ACCC900C01933 /* Frameworks */ = {
			isa = PBXFrameworksBuildPhase;
			buildActionMask = 2147483647;
			files = (
				55EE4403296428E30067C674 /* BackgroundTasks.framework in Frameworks */,
				3C1AE16A95DF52479970FF5B /* Pods_CoverApps.framework in Frameworks */,
			);
			runOnlyForDeploymentPostprocessing = 0;
		};
		55A29D6A295ACCCB00C01933 /* Frameworks */ = {
			isa = PBXFrameworksBuildPhase;
			buildActionMask = 2147483647;
			files = (
				F754D8651E2E716CA26381A4 /* Pods_CoverAppsTests.framework in Frameworks */,
			);
			runOnlyForDeploymentPostprocessing = 0;
		};
		55A29D74295ACCCB00C01933 /* Frameworks */ = {
			isa = PBXFrameworksBuildPhase;
			buildActionMask = 2147483647;
			files = (
				AAD51EEA35991517D938AF49 /* Pods_CoverApps_CoverAppsUITests.framework in Frameworks */,
			);
			runOnlyForDeploymentPostprocessing = 0;
		};
/* End PBXFrameworksBuildPhase section */

/* Begin PBXGroup section */
		5536D3BF295D6D8600D78D46 /* Lock */ = {
			isa = PBXGroup;
			children = (
				553D30F029666B5A0060D121 /* MainViewFactory.swift */,
				55A29D8C295AF70100C01933 /* MainView.swift */,
				55A29D8E295BEB6000C01933 /* ScreenCardView.swift */,
				5536D3C4295D84CC00D78D46 /* PasswordView.swift */,
				55949D0F29778EEA00DE40E7 /* HomePage.swift */,
				55949D1129778F0800DE40E7 /* SettingPage.swift */,
			);
			path = Lock;
			sourceTree = "<group>";
		};
		5536D3C0295D6D9800D78D46 /* Edit */ = {
			isa = PBXGroup;
			children = (
				5536D3CE295EBFDB00D78D46 /* NoteListView.swift */,
				55949D1E2977A6CB00DE40E7 /* NoteDetailView.swift */,
				55949D202977A72800DE40E7 /* Route.swift */,
			);
			path = Edit;
			sourceTree = "<group>";
		};
		5536D3C1295D782500D78D46 /* icon */ = {
			isa = PBXGroup;
			children = (
			);
			path = icon;
			sourceTree = "<group>";
		};
		5536D3C6295E80B900D78D46 /* Tool */ = {
			isa = PBXGroup;
			children = (
				5581435129B72DA600B96272 /* LoadingView.swift */,
				5536D3CC295E823F00D78D46 /* Animial.swift */,
				5581435329B7316200B96272 /* ToastView.swift */,
			);
			path = Tool;
			sourceTree = "<group>";
		};
		5536D3C9295E817900D78D46 /* Manager */ = {
			isa = PBXGroup;
			children = (
				5536D3C7295E80C700D78D46 /* LocationManager.swift */,
				55A29D90295BF3E200C01933 /* ScreenLockManager.swift */,
				5536D3CA295E81D300D78D46 /* PasswordManager.swift */,
				5536D3D0295EC9CC00D78D46 /* NoteManager.swift */,
				55EE43FF2963D4690067C674 /* PaymentManager.swift */,
			);
			path = Manager;
			sourceTree = "<group>";
		};
		5581434929B6D29500B96272 /* zh-Hans.lproj */ = {
			isa = PBXGroup;
			children = (
				5581434A29B6D29500B96272 /* Localizable.strings */,
			);
			path = "zh-Hans.lproj";
			sourceTree = SOURCE_ROOT;
		};
		55949D182977926400DE40E7 /* en.lproj */ = {
			isa = PBXGroup;
			children = (
				55949D192977926400DE40E7 /* Localizable.strings */,
			);
			path = en.lproj;
			sourceTree = SOURCE_ROOT;
		};
		55A29D4F295ACCC900C01933 = {
			isa = PBXGroup;
			children = (
				55A29D5A295ACCC900C01933 /* CoverApps */,
				55A29D70295ACCCB00C01933 /* CoverAppsTests */,
				55A29D7A295ACCCB00C01933 /* CoverAppsUITests */,
				55A29D59295ACCC900C01933 /* Products */,
				55EE4401296428E30067C674 /* Frameworks */,
				9722C6E48FA0C52BAAA51FE7 /* Pods */,
			);
			sourceTree = "<group>";
		};
		55A29D59295ACCC900C01933 /* Products */ = {
			isa = PBXGroup;
			children = (
				55A29D58295ACCC900C01933 /* CoverApps.app */,
				55A29D6D295ACCCB00C01933 /* CoverAppsTests.xctest */,
				55A29D77295ACCCB00C01933 /* CoverAppsUITests.xctest */,
			);
			name = Products;
			sourceTree = "<group>";
		};
		55A29D5A295ACCC900C01933 /* CoverApps */ = {
			isa = PBXGroup;
			children = (
				5581434929B6D29500B96272 /* zh-Hans.lproj */,
				55949D182977926400DE40E7 /* en.lproj */,
				553D30F6296674140060D121 /* BGAppRefreshTool.swift */,
				55A29D5B295ACCC900C01933 /* CoverApps.swift */,
				553D30F4296673A10060D121 /* AppDelegate.swift */,
				553D30F22966738E0060D121 /* SceneDelegate.swift */,
				5536D3C9295E817900D78D46 /* Manager */,
				5536D3C6295E80B900D78D46 /* Tool */,
				5536D3C1295D782500D78D46 /* icon */,
				5536D3C0295D6D9800D78D46 /* Edit */,
				5536D3BF295D6D8600D78D46 /* Lock */,
				55A29D8B295ACECF00C01933 /* CoverApps.entitlements */,
				55A29D8A295ACE3600C01933 /* Info.plist */,
				55A29D5F295ACCCB00C01933 /* Assets.xcassets */,
				55A29D66295ACCCB00C01933 /* CoverApps.xcdatamodeld */,
				55A29D61295ACCCB00C01933 /* Preview Content */,
			);
			path = CoverApps;
			sourceTree = "<group>";
		};
		55A29D61295ACCCB00C01933 /* Preview Content */ = {
			isa = PBXGroup;
			children = (
				55A29D62295ACCCB00C01933 /* Preview Assets.xcassets */,
			);
			path = "Preview Content";
			sourceTree = "<group>";
		};
		55A29D70295ACCCB00C01933 /* CoverAppsTests */ = {
			isa = PBXGroup;
			children = (
				55A29D71295ACCCB00C01933 /* CoverAppsTests.swift */,
			);
			path = CoverAppsTests;
			sourceTree = "<group>";
		};
		55A29D7A295ACCCB00C01933 /* CoverAppsUITests */ = {
			isa = PBXGroup;
			children = (
				55A29D7B295ACCCB00C01933 /* CoverAppsUITests.swift */,
				55A29D7D295ACCCB00C01933 /* CoverAppsUITestsLaunchTests.swift */,
			);
			path = CoverAppsUITests;
			sourceTree = "<group>";
		};
		55EE4401296428E30067C674 /* Frameworks */ = {
			isa = PBXGroup;
			children = (
				553D30F829667CF90060D121 /* libsqlite3.0.tbd */,
				55EE4402296428E30067C674 /* BackgroundTasks.framework */,
				7890479244B28E37C2DBBE88 /* Pods_CoverApps.framework */,
				CD17AC33FD96A75F23F0E4F1 /* Pods_CoverApps_CoverAppsUITests.framework */,
				E924E8F008B0C4C75EBF6BE5 /* Pods_CoverAppsTests.framework */,
			);
			name = Frameworks;
			sourceTree = "<group>";
		};
		9722C6E48FA0C52BAAA51FE7 /* Pods */ = {
			isa = PBXGroup;
			children = (
				7DD4190FF4CCB44F53D6BEC2 /* Pods-CoverApps.debug.xcconfig */,
				2F6191F80BCACD43877F2BE5 /* Pods-CoverApps.release.xcconfig */,
				E4AC88A0EF06DC5164B1B188 /* Pods-CoverApps-CoverAppsUITests.debug.xcconfig */,
				25C45CE0D90A96818AA1E41B /* Pods-CoverApps-CoverAppsUITests.release.xcconfig */,
				C8D4BF3EAA3CEBFEE35C1732 /* Pods-CoverAppsTests.debug.xcconfig */,
				2A9FA1867C3E98171E8693B9 /* Pods-CoverAppsTests.release.xcconfig */,
			);
			path = Pods;
			sourceTree = "<group>";
		};
/* End PBXGroup section */

/* Begin PBXNativeTarget section */
		55A29D57295ACCC900C01933 /* CoverApps */ = {
			isa = PBXNativeTarget;
			buildConfigurationList = 55A29D81295ACCCB00C01933 /* Build configuration list for PBXNativeTarget "CoverApps" */;
			buildPhases = (
				58E330C99A5AFED7B9222113 /* [CP] Check Pods Manifest.lock */,
				55A29D54295ACCC900C01933 /* Sources */,
				55A29D55295ACCC900C01933 /* Frameworks */,
				55A29D56295ACCC900C01933 /* Resources */,
				AB944243CAD2356234ECFDA9 /* [CP] Embed Pods Frameworks */,
			);
			buildRules = (
			);
			dependencies = (
			);
			name = CoverApps;
			productName = CoverApps;
			productReference = 55A29D58295ACCC900C01933 /* CoverApps.app */;
			productType = "com.apple.product-type.application";
		};
		55A29D6C295ACCCB00C01933 /* CoverAppsTests */ = {
			isa = PBXNativeTarget;
			buildConfigurationList = 55A29D84295ACCCB00C01933 /* Build configuration list for PBXNativeTarget "CoverAppsTests" */;
			buildPhases = (
				C4E94615BCDDB5EBA45F7B16 /* [CP] Check Pods Manifest.lock */,
				55A29D69295ACCCB00C01933 /* Sources */,
				55A29D6A295ACCCB00C01933 /* Frameworks */,
				55A29D6B295ACCCB00C01933 /* Resources */,
			);
			buildRules = (
			);
			dependencies = (
				55A29D6F295ACCCB00C01933 /* PBXTargetDependency */,
			);
			name = CoverAppsTests;
			productName = CoverAppsTests;
			productReference = 55A29D6D295ACCCB00C01933 /* CoverAppsTests.xctest */;
			productType = "com.apple.product-type.bundle.unit-test";
		};
		55A29D76295ACCCB00C01933 /* CoverAppsUITests */ = {
			isa = PBXNativeTarget;
			buildConfigurationList = 55A29D87295ACCCB00C01933 /* Build configuration list for PBXNativeTarget "CoverAppsUITests" */;
			buildPhases = (
				D39C5E9441C086F1FB83F8D4 /* [CP] Check Pods Manifest.lock */,
				55A29D73295ACCCB00C01933 /* Sources */,
				55A29D74295ACCCB00C01933 /* Frameworks */,
				55A29D75295ACCCB00C01933 /* Resources */,
				395AE50BA00A517FC33D03D6 /* [CP] Embed Pods Frameworks */,
			);
			buildRules = (
			);
			dependencies = (
				55A29D79295ACCCB00C01933 /* PBXTargetDependency */,
			);
			name = CoverAppsUITests;
			productName = CoverAppsUITests;
			productReference = 55A29D77295ACCCB00C01933 /* CoverAppsUITests.xctest */;
			productType = "com.apple.product-type.bundle.ui-testing";
		};
/* End PBXNativeTarget section */

/* Begin PBXProject section */
		55A29D50295ACCC900C01933 /* Project object */ = {
			isa = PBXProject;
			attributes = {
				BuildIndependentTargetsInParallel = 1;
				LastSwiftUpdateCheck = 1420;
				LastUpgradeCheck = 1420;
				TargetAttributes = {
					55A29D57295ACCC900C01933 = {
						CreatedOnToolsVersion = 14.2;
					};
					55A29D6C295ACCCB00C01933 = {
						CreatedOnToolsVersion = 14.2;
						TestTargetID = 55A29D57295ACCC900C01933;
					};
					55A29D76295ACCCB00C01933 = {
						CreatedOnToolsVersion = 14.2;
						TestTargetID = 55A29D57295ACCC900C01933;
					};
				};
			};
			buildConfigurationList = 55A29D53295ACCC900C01933 /* Build configuration list for PBXProject "CoverApps" */;
			compatibilityVersion = "Xcode 14.0";
			developmentRegion = en;
			hasScannedForEncodings = 0;
			knownRegions = (
				en,
				Base,
				"zh-Hans",
			);
			mainGroup = 55A29D4F295ACCC900C01933;
			productRefGroup = 55A29D59295ACCC900C01933 /* Products */;
			projectDirPath = "";
			projectRoot = "";
			targets = (
				55A29D57295ACCC900C01933 /* CoverApps */,
				55A29D6C295ACCCB00C01933 /* CoverAppsTests */,
				55A29D76295ACCCB00C01933 /* CoverAppsUITests */,
			);
		};
/* End PBXProject section */

/* Begin PBXResourcesBuildPhase section */
		55A29D56295ACCC900C01933 /* Resources */ = {
			isa = PBXResourcesBuildPhase;
			buildActionMask = 2147483647;
			files = (
				55A29D63295ACCCB00C01933 /* Preview Assets.xcassets in Resources */,
				5581434C29B6D29500B96272 /* Localizable.strings in Resources */,
				55949D1B2977926400DE40E7 /* Localizable.strings in Resources */,
				55A29D60295ACCCB00C01933 /* Assets.xcassets in Resources */,
			);
			runOnlyForDeploymentPostprocessing = 0;
		};
		55A29D6B295ACCCB00C01933 /* Resources */ = {
			isa = PBXResourcesBuildPhase;
			buildActionMask = 2147483647;
			files = (
			);
			runOnlyForDeploymentPostprocessing = 0;
		};
		55A29D75295ACCCB00C01933 /* Resources */ = {
			isa = PBXResourcesBuildPhase;
			buildActionMask = 2147483647;
			files = (
			);
			runOnlyForDeploymentPostprocessing = 0;
		};
/* End PBXResourcesBuildPhase section */

/* Begin PBXShellScriptBuildPhase section */
		395AE50BA00A517FC33D03D6 /* [CP] Embed Pods Frameworks */ = {
			isa = PBXShellScriptBuildPhase;
			buildActionMask = 2147483647;
			files = (
			);
			inputFileListPaths = (
				"${PODS_ROOT}/Target Support Files/Pods-CoverApps-CoverAppsUITests/Pods-CoverApps-CoverAppsUITests-frameworks-${CONFIGURATION}-input-files.xcfilelist",
			);
			name = "[CP] Embed Pods Frameworks";
			outputFileListPaths = (
				"${PODS_ROOT}/Target Support Files/Pods-CoverApps-CoverAppsUITests/Pods-CoverApps-CoverAppsUITests-frameworks-${CONFIGURATION}-output-files.xcfilelist",
			);
			runOnlyForDeploymentPostprocessing = 0;
			shellPath = /bin/sh;
			shellScript = "\"${PODS_ROOT}/Target Support Files/Pods-CoverApps-CoverAppsUITests/Pods-CoverApps-CoverAppsUITests-frameworks.sh\"\n";
			showEnvVarsInLog = 0;
		};
		58E330C99A5AFED7B9222113 /* [CP] Check Pods Manifest.lock */ = {
			isa = PBXShellScriptBuildPhase;
			buildActionMask = 2147483647;
			files = (
			);
			inputFileListPaths = (
			);
			inputPaths = (
				"${PODS_PODFILE_DIR_PATH}/Podfile.lock",
				"${PODS_ROOT}/Manifest.lock",
			);
			name = "[CP] Check Pods Manifest.lock";
			outputFileListPaths = (
			);
			outputPaths = (
				"$(DERIVED_FILE_DIR)/Pods-CoverApps-checkManifestLockResult.txt",
			);
			runOnlyForDeploymentPostprocessing = 0;
			shellPath = /bin/sh;
			shellScript = "diff \"${PODS_PODFILE_DIR_PATH}/Podfile.lock\" \"${PODS_ROOT}/Manifest.lock\" > /dev/null\nif [ $? != 0 ] ; then\n    # print error to STDERR\n    echo \"error: The sandbox is not in sync with the Podfile.lock. Run 'pod install' or update your CocoaPods installation.\" >&2\n    exit 1\nfi\n# This output is used by Xcode 'outputs' to avoid re-running this script phase.\necho \"SUCCESS\" > \"${SCRIPT_OUTPUT_FILE_0}\"\n";
			showEnvVarsInLog = 0;
		};
		AB944243CAD2356234ECFDA9 /* [CP] Embed Pods Frameworks */ = {
			isa = PBXShellScriptBuildPhase;
			buildActionMask = 2147483647;
			files = (
			);
			inputFileListPaths = (
				"${PODS_ROOT}/Target Support Files/Pods-CoverApps/Pods-CoverApps-frameworks-${CONFIGURATION}-input-files.xcfilelist",
			);
			name = "[CP] Embed Pods Frameworks";
			outputFileListPaths = (
				"${PODS_ROOT}/Target Support Files/Pods-CoverApps/Pods-CoverApps-frameworks-${CONFIGURATION}-output-files.xcfilelist",
			);
			runOnlyForDeploymentPostprocessing = 0;
			shellPath = /bin/sh;
			shellScript = "\"${PODS_ROOT}/Target Support Files/Pods-CoverApps/Pods-CoverApps-frameworks.sh\"\n";
			showEnvVarsInLog = 0;
		};
		C4E94615BCDDB5EBA45F7B16 /* [CP] Check Pods Manifest.lock */ = {
			isa = PBXShellScriptBuildPhase;
			buildActionMask = 2147483647;
			files = (
			);
			inputFileListPaths = (
			);
			inputPaths = (
				"${PODS_PODFILE_DIR_PATH}/Podfile.lock",
				"${PODS_ROOT}/Manifest.lock",
			);
			name = "[CP] Check Pods Manifest.lock";
			outputFileListPaths = (
			);
			outputPaths = (
				"$(DERIVED_FILE_DIR)/Pods-CoverAppsTests-checkManifestLockResult.txt",
			);
			runOnlyForDeploymentPostprocessing = 0;
			shellPath = /bin/sh;
			shellScript = "diff \"${PODS_PODFILE_DIR_PATH}/Podfile.lock\" \"${PODS_ROOT}/Manifest.lock\" > /dev/null\nif [ $? != 0 ] ; then\n    # print error to STDERR\n    echo \"error: The sandbox is not in sync with the Podfile.lock. Run 'pod install' or update your CocoaPods installation.\" >&2\n    exit 1\nfi\n# This output is used by Xcode 'outputs' to avoid re-running this script phase.\necho \"SUCCESS\" > \"${SCRIPT_OUTPUT_FILE_0}\"\n";
			showEnvVarsInLog = 0;
		};
		D39C5E9441C086F1FB83F8D4 /* [CP] Check Pods Manifest.lock */ = {
			isa = PBXShellScriptBuildPhase;
			buildActionMask = 2147483647;
			files = (
			);
			inputFileListPaths = (
			);
			inputPaths = (
				"${PODS_PODFILE_DIR_PATH}/Podfile.lock",
				"${PODS_ROOT}/Manifest.lock",
			);
			name = "[CP] Check Pods Manifest.lock";
			outputFileListPaths = (
			);
			outputPaths = (
				"$(DERIVED_FILE_DIR)/Pods-CoverApps-CoverAppsUITests-checkManifestLockResult.txt",
			);
			runOnlyForDeploymentPostprocessing = 0;
			shellPath = /bin/sh;
			shellScript = "diff \"${PODS_PODFILE_DIR_PATH}/Podfile.lock\" \"${PODS_ROOT}/Manifest.lock\" > /dev/null\nif [ $? != 0 ] ; then\n    # print error to STDERR\n    echo \"error: The sandbox is not in sync with the Podfile.lock. Run 'pod install' or update your CocoaPods installation.\" >&2\n    exit 1\nfi\n# This output is used by Xcode 'outputs' to avoid re-running this script phase.\necho \"SUCCESS\" > \"${SCRIPT_OUTPUT_FILE_0}\"\n";
			showEnvVarsInLog = 0;
		};
/* End PBXShellScriptBuildPhase section */

/* Begin PBXSourcesBuildPhase section */
		55A29D54295ACCC900C01933 /* Sources */ = {
			isa = PBXSourcesBuildPhase;
			buildActionMask = 2147483647;
			files = (
				55EE44002963D4690067C674 /* PaymentManager.swift in Sources */,
				553D30F32966738E0060D121 /* SceneDelegate.swift in Sources */,
				55A29D68295ACCCB00C01933 /* CoverApps.xcdatamodeld in Sources */,
				553D30F5296673A10060D121 /* AppDelegate.swift in Sources */,
				5536D3C5295D84CC00D78D46 /* PasswordView.swift in Sources */,
				5581435229B72DA600B96272 /* LoadingView.swift in Sources */,
				5581435429B7316200B96272 /* ToastView.swift in Sources */,
				5536D3CF295EBFDB00D78D46 /* NoteListView.swift in Sources */,
				55949D1029778EEA00DE40E7 /* HomePage.swift in Sources */,
				553D30F129666B5A0060D121 /* MainViewFactory.swift in Sources */,
				55A29D8F295BEB6000C01933 /* ScreenCardView.swift in Sources */,
				553D30F7296674140060D121 /* BGAppRefreshTool.swift in Sources */,
				55949D1F2977A6CB00DE40E7 /* NoteDetailView.swift in Sources */,
				55949D212977A72800DE40E7 /* Route.swift in Sources */,
				5536D3D1295EC9CC00D78D46 /* NoteManager.swift in Sources */,
				55949D1229778F0800DE40E7 /* SettingPage.swift in Sources */,
				5536D3C8295E80C700D78D46 /* LocationManager.swift in Sources */,
				5536D3CD295E823F00D78D46 /* Animial.swift in Sources */,
				55A29D91295BF3E200C01933 /* ScreenLockManager.swift in Sources */,
				55A29D8D295AF70100C01933 /* MainView.swift in Sources */,
				5536D3CB295E81D300D78D46 /* PasswordManager.swift in Sources */,
				55A29D5C295ACCC900C01933 /* CoverApps.swift in Sources */,
			);
			runOnlyForDeploymentPostprocessing = 0;
		};
		55A29D69295ACCCB00C01933 /* Sources */ = {
			isa = PBXSourcesBuildPhase;
			buildActionMask = 2147483647;
			files = (
				55A29D72295ACCCB00C01933 /* CoverAppsTests.swift in Sources */,
			);
			runOnlyForDeploymentPostprocessing = 0;
		};
		55A29D73295ACCCB00C01933 /* Sources */ = {
			isa = PBXSourcesBuildPhase;
			buildActionMask = 2147483647;
			files = (
				55A29D7C295ACCCB00C01933 /* CoverAppsUITests.swift in Sources */,
				55A29D7E295ACCCB00C01933 /* CoverAppsUITestsLaunchTests.swift in Sources */,
			);
			runOnlyForDeploymentPostprocessing = 0;
		};
/* End PBXSourcesBuildPhase section */

/* Begin PBXTargetDependency section */
		55A29D6F295ACCCB00C01933 /* PBXTargetDependency */ = {
			isa = PBXTargetDependency;
			target = 55A29D57295ACCC900C01933 /* CoverApps */;
			targetProxy = 55A29D6E295ACCCB00C01933 /* PBXContainerItemProxy */;
		};
		55A29D79295ACCCB00C01933 /* PBXTargetDependency */ = {
			isa = PBXTargetDependency;
			target = 55A29D57295ACCC900C01933 /* CoverApps */;
			targetProxy = 55A29D78295ACCCB00C01933 /* PBXContainerItemProxy */;
		};
/* End PBXTargetDependency section */

/* Begin PBXVariantGroup section */
		5581434A29B6D29500B96272 /* Localizable.strings */ = {
			isa = PBXVariantGroup;
			children = (
				5581434B29B6D29500B96272 /* zch */,
			);
			name = Localizable.strings;
			sourceTree = "<group>";
		};
		55949D192977926400DE40E7 /* Localizable.strings */ = {
			isa = PBXVariantGroup;
			children = (
				55949D1A2977926400DE40E7 /* en */,
			);
			name = Localizable.strings;
			sourceTree = "<group>";
		};
/* End PBXVariantGroup section */

/* Begin XCBuildConfiguration section */
		55A29D7F295ACCCB00C01933 /* Debug */ = {
			isa = XCBuildConfiguration;
			buildSettings = {
				ALWAYS_SEARCH_USER_PATHS = NO;
				CLANG_ANALYZER_LOCALIZABILITY_NONLOCALIZED = YES;
				CLANG_ANALYZER_NONNULL = YES;
				CLANG_ANALYZER_NUMBER_OBJECT_CONVERSION = YES_AGGRESSIVE;
				CLANG_CXX_LANGUAGE_STANDARD = "gnu++20";
				CLANG_ENABLE_MODULES = YES;
				CLANG_ENABLE_OBJC_ARC = YES;
				CLANG_ENABLE_OBJC_WEAK = YES;
				CLANG_WARN_BLOCK_CAPTURE_AUTORELEASING = YES;
				CLANG_WARN_BOOL_CONVERSION = YES;
				CLANG_WARN_COMMA = YES;
				CLANG_WARN_CONSTANT_CONVERSION = YES;
				CLANG_WARN_DEPRECATED_OBJC_IMPLEMENTATIONS = YES;
				CLANG_WARN_DIRECT_OBJC_ISA_USAGE = YES_ERROR;
				CLANG_WARN_DOCUMENTATION_COMMENTS = YES;
				CLANG_WARN_EMPTY_BODY = YES;
				CLANG_WARN_ENUM_CONVERSION = YES;
				CLANG_WARN_INFINITE_RECURSION = YES;
				CLANG_WARN_INT_CONVERSION = YES;
				CLANG_WARN_NON_LITERAL_NULL_CONVERSION = YES;
				CLANG_WARN_OBJC_IMPLICIT_RETAIN_SELF = YES;
				CLANG_WARN_OBJC_LITERAL_CONVERSION = YES;
				CLANG_WARN_OBJC_ROOT_CLASS = YES_ERROR;
				CLANG_WARN_QUOTED_INCLUDE_IN_FRAMEWORK_HEADER = YES;
				CLANG_WARN_RANGE_LOOP_ANALYSIS = YES;
				CLANG_WARN_STRICT_PROTOTYPES = YES;
				CLANG_WARN_SUSPICIOUS_MOVE = YES;
				CLANG_WARN_UNGUARDED_AVAILABILITY = YES_AGGRESSIVE;
				CLANG_WARN_UNREACHABLE_CODE = YES;
				CLANG_WARN__DUPLICATE_METHOD_MATCH = YES;
				COPY_PHASE_STRIP = NO;
				DEBUG_INFORMATION_FORMAT = dwarf;
				ENABLE_STRICT_OBJC_MSGSEND = YES;
				ENABLE_TESTABILITY = YES;
				GCC_C_LANGUAGE_STANDARD = gnu11;
				GCC_DYNAMIC_NO_PIC = NO;
				GCC_NO_COMMON_BLOCKS = YES;
				GCC_OPTIMIZATION_LEVEL = 0;
				GCC_PREPROCESSOR_DEFINITIONS = (
					"DEBUG=1",
					"$(inherited)",
				);
				GCC_WARN_64_TO_32_BIT_CONVERSION = YES;
				GCC_WARN_ABOUT_RETURN_TYPE = YES_ERROR;
				GCC_WARN_UNDECLARED_SELECTOR = YES;
				GCC_WARN_UNINITIALIZED_AUTOS = YES_AGGRESSIVE;
				GCC_WARN_UNUSED_FUNCTION = YES;
				GCC_WARN_UNUSED_VARIABLE = YES;
				IPHONEOS_DEPLOYMENT_TARGET = 16.0;
				MTL_ENABLE_DEBUG_INFO = INCLUDE_SOURCE;
				MTL_FAST_MATH = YES;
				ONLY_ACTIVE_ARCH = YES;
				SDKROOT = iphoneos;
				SWIFT_ACTIVE_COMPILATION_CONDITIONS = DEBUG;
				SWIFT_OPTIMIZATION_LEVEL = "-Onone";
			};
			name = Debug;
		};
		55A29D80295ACCCB00C01933 /* Release */ = {
			isa = XCBuildConfiguration;
			buildSettings = {
				ALWAYS_SEARCH_USER_PATHS = NO;
				CLANG_ANALYZER_LOCALIZABILITY_NONLOCALIZED = YES;
				CLANG_ANALYZER_NONNULL = YES;
				CLANG_ANALYZER_NUMBER_OBJECT_CONVERSION = YES_AGGRESSIVE;
				CLANG_CXX_LANGUAGE_STANDARD = "gnu++20";
				CLANG_ENABLE_MODULES = YES;
				CLANG_ENABLE_OBJC_ARC = YES;
				CLANG_ENABLE_OBJC_WEAK = YES;
				CLANG_WARN_BLOCK_CAPTURE_AUTORELEASING = YES;
				CLANG_WARN_BOOL_CONVERSION = YES;
				CLANG_WARN_COMMA = YES;
				CLANG_WARN_CONSTANT_CONVERSION = YES;
				CLANG_WARN_DEPRECATED_OBJC_IMPLEMENTATIONS = YES;
				CLANG_WARN_DIRECT_OBJC_ISA_USAGE = YES_ERROR;
				CLANG_WARN_DOCUMENTATION_COMMENTS = YES;
				CLANG_WARN_EMPTY_BODY = YES;
				CLANG_WARN_ENUM_CONVERSION = YES;
				CLANG_WARN_INFINITE_RECURSION = YES;
				CLANG_WARN_INT_CONVERSION = YES;
				CLANG_WARN_NON_LITERAL_NULL_CONVERSION = YES;
				CLANG_WARN_OBJC_IMPLICIT_RETAIN_SELF = YES;
				CLANG_WARN_OBJC_LITERAL_CONVERSION = YES;
				CLANG_WARN_OBJC_ROOT_CLASS = YES_ERROR;
				CLANG_WARN_QUOTED_INCLUDE_IN_FRAMEWORK_HEADER = YES;
				CLANG_WARN_RANGE_LOOP_ANALYSIS = YES;
				CLANG_WARN_STRICT_PROTOTYPES = YES;
				CLANG_WARN_SUSPICIOUS_MOVE = YES;
				CLANG_WARN_UNGUARDED_AVAILABILITY = YES_AGGRESSIVE;
				CLANG_WARN_UNREACHABLE_CODE = YES;
				CLANG_WARN__DUPLICATE_METHOD_MATCH = YES;
				COPY_PHASE_STRIP = NO;
				DEBUG_INFORMATION_FORMAT = "dwarf-with-dsym";
				ENABLE_NS_ASSERTIONS = NO;
				ENABLE_STRICT_OBJC_MSGSEND = YES;
				GCC_C_LANGUAGE_STANDARD = gnu11;
				GCC_NO_COMMON_BLOCKS = YES;
				GCC_WARN_64_TO_32_BIT_CONVERSION = YES;
				GCC_WARN_ABOUT_RETURN_TYPE = YES_ERROR;
				GCC_WARN_UNDECLARED_SELECTOR = YES;
				GCC_WARN_UNINITIALIZED_AUTOS = YES_AGGRESSIVE;
				GCC_WARN_UNUSED_FUNCTION = YES;
				GCC_WARN_UNUSED_VARIABLE = YES;
				IPHONEOS_DEPLOYMENT_TARGET = 16.0;
				MTL_ENABLE_DEBUG_INFO = NO;
				MTL_FAST_MATH = YES;
				SDKROOT = iphoneos;
				SWIFT_COMPILATION_MODE = wholemodule;
				SWIFT_OPTIMIZATION_LEVEL = "-O";
				VALIDATE_PRODUCT = YES;
			};
			name = Release;
		};
		55A29D82295ACCCB00C01933 /* Debug */ = {
			isa = XCBuildConfiguration;
			baseConfigurationReference = 7DD4190FF4CCB44F53D6BEC2 /* Pods-CoverApps.debug.xcconfig */;
			buildSettings = {
				ASSETCATALOG_COMPILER_ALTERNATE_APPICON_NAMES = "";
				ASSETCATALOG_COMPILER_APPICON_NAME = AppIcon;
				ASSETCATALOG_COMPILER_GLOBAL_ACCENT_COLOR_NAME = AccentColor;
				ASSETCATALOG_COMPILER_INCLUDE_ALL_APPICON_ASSETS = YES;
				CODE_SIGN_ENTITLEMENTS = CoverApps/CoverApps.entitlements;
				CODE_SIGN_IDENTITY = "Apple Development";
				"CODE_SIGN_IDENTITY[sdk=iphoneos*]" = "iPhone Developer";
				CODE_SIGN_STYLE = Manual;
				CURRENT_PROJECT_VERSION = 1.0.6;
				DEVELOPMENT_ASSET_PATHS = "\"CoverApps/Preview Content\"";
				DEVELOPMENT_TEAM = "";
				"DEVELOPMENT_TEAM[sdk=iphoneos*]" = 9SM75PAX9D;
				ENABLE_PREVIEWS = YES;
				GENERATE_INFOPLIST_FILE = YES;
				INFOPLIST_FILE = CoverApps/Info.plist;
				INFOPLIST_KEY_UIApplicationSceneManifest_Generation = YES;
				INFOPLIST_KEY_UIApplicationSupportsIndirectInputEvents = YES;
				INFOPLIST_KEY_UILaunchScreen_Generation = YES;
				INFOPLIST_KEY_UISupportedInterfaceOrientations_iPad = "UIInterfaceOrientationPortrait UIInterfaceOrientationPortraitUpsideDown UIInterfaceOrientationLandscapeLeft UIInterfaceOrientationLandscapeRight";
				INFOPLIST_KEY_UISupportedInterfaceOrientations_iPhone = "UIInterfaceOrientationPortrait UIInterfaceOrientationLandscapeLeft UIInterfaceOrientationLandscapeRight";
				INFOPLIST_KEY_UIUserInterfaceStyle = Light;
				IPHONEOS_DEPLOYMENT_TARGET = 16.0;
				LD_RUNPATH_SEARCH_PATHS = (
					"$(inherited)",
					"@executable_path/Frameworks",
				);
				MARKETING_VERSION = 1.0.0;
				PRODUCT_BUNDLE_IDENTIFIER = com.sr.covers;
				PRODUCT_NAME = "$(TARGET_NAME)";
				PROVISIONING_PROFILE_SPECIFIER = "";
				"PROVISIONING_PROFILE_SPECIFIER[sdk=iphoneos*]" = Development_CoversApp;
				SWIFT_EMIT_LOC_STRINGS = YES;
				SWIFT_VERSION = 5.0;
				TARGETED_DEVICE_FAMILY = "1,2";
			};
			name = Debug;
		};
		55A29D83295ACCCB00C01933 /* Release */ = {
			isa = XCBuildConfiguration;
			baseConfigurationReference = 2F6191F80BCACD43877F2BE5 /* Pods-CoverApps.release.xcconfig */;
			buildSettings = {
				ASSETCATALOG_COMPILER_ALTERNATE_APPICON_NAMES = "";
				ASSETCATALOG_COMPILER_APPICON_NAME = AppIcon;
				ASSETCATALOG_COMPILER_GLOBAL_ACCENT_COLOR_NAME = AccentColor;
				ASSETCATALOG_COMPILER_INCLUDE_ALL_APPICON_ASSETS = YES;
				CODE_SIGN_ENTITLEMENTS = CoverApps/CoverApps.entitlements;
				CODE_SIGN_IDENTITY = "Apple Development";
				"CODE_SIGN_IDENTITY[sdk=iphoneos*]" = "iPhone Distribution";
				CODE_SIGN_STYLE = Manual;
				CURRENT_PROJECT_VERSION = 1.0.6;
				DEVELOPMENT_ASSET_PATHS = "\"CoverApps/Preview Content\"";
				DEVELOPMENT_TEAM = "";
				"DEVELOPMENT_TEAM[sdk=iphoneos*]" = 9SM75PAX9D;
				ENABLE_PREVIEWS = YES;
				GENERATE_INFOPLIST_FILE = YES;
				INFOPLIST_FILE = CoverApps/Info.plist;
				INFOPLIST_KEY_UIApplicationSceneManifest_Generation = YES;
				INFOPLIST_KEY_UIApplicationSupportsIndirectInputEvents = YES;
				INFOPLIST_KEY_UILaunchScreen_Generation = YES;
				INFOPLIST_KEY_UISupportedInterfaceOrientations_iPad = "UIInterfaceOrientationPortrait UIInterfaceOrientationPortraitUpsideDown UIInterfaceOrientationLandscapeLeft UIInterfaceOrientationLandscapeRight";
				INFOPLIST_KEY_UISupportedInterfaceOrientations_iPhone = "UIInterfaceOrientationPortrait UIInterfaceOrientationLandscapeLeft UIInterfaceOrientationLandscapeRight";
				INFOPLIST_KEY_UIUserInterfaceStyle = Light;
				IPHONEOS_DEPLOYMENT_TARGET = 16.0;
				LD_RUNPATH_SEARCH_PATHS = (
					"$(inherited)",
					"@executable_path/Frameworks",
				);
				MARKETING_VERSION = 1.0.0;
				PRODUCT_BUNDLE_IDENTIFIER = com.sr.covers;
				PRODUCT_NAME = "$(TARGET_NAME)";
				PROVISIONING_PROFILE_SPECIFIER = "";
				"PROVISIONING_PROFILE_SPECIFIER[sdk=iphoneos*]" = Distribution_CoversApp;
				SWIFT_EMIT_LOC_STRINGS = YES;
				SWIFT_VERSION = 5.0;
				TARGETED_DEVICE_FAMILY = "1,2";
			};
			name = Release;
		};
		55A29D85295ACCCB00C01933 /* Debug */ = {
			isa = XCBuildConfiguration;
			baseConfigurationReference = C8D4BF3EAA3CEBFEE35C1732 /* Pods-CoverAppsTests.debug.xcconfig */;
			buildSettings = {
				ALWAYS_EMBED_SWIFT_STANDARD_LIBRARIES = YES;
				BUNDLE_LOADER = "$(TEST_HOST)";
				CODE_SIGN_STYLE = Automatic;
				CURRENT_PROJECT_VERSION = 1;
				GENERATE_INFOPLIST_FILE = YES;
				IPHONEOS_DEPLOYMENT_TARGET = 16.2;
				MARKETING_VERSION = 1.0;
				PRODUCT_BUNDLE_IDENTIFIER = test.CoverAppsTests;
				PRODUCT_NAME = "$(TARGET_NAME)";
				SWIFT_EMIT_LOC_STRINGS = NO;
				SWIFT_VERSION = 5.0;
				TARGETED_DEVICE_FAMILY = "1,2";
				TEST_HOST = "$(BUILT_PRODUCTS_DIR)/CoverApps.app/$(BUNDLE_EXECUTABLE_FOLDER_PATH)/CoverApps";
			};
			name = Debug;
		};
		55A29D86295ACCCB00C01933 /* Release */ = {
			isa = XCBuildConfiguration;
			baseConfigurationReference = 2A9FA1867C3E98171E8693B9 /* Pods-CoverAppsTests.release.xcconfig */;
			buildSettings = {
				ALWAYS_EMBED_SWIFT_STANDARD_LIBRARIES = YES;
				BUNDLE_LOADER = "$(TEST_HOST)";
				CODE_SIGN_STYLE = Automatic;
				CURRENT_PROJECT_VERSION = 1;
				GENERATE_INFOPLIST_FILE = YES;
				IPHONEOS_DEPLOYMENT_TARGET = 16.2;
				MARKETING_VERSION = 1.0;
				PRODUCT_BUNDLE_IDENTIFIER = test.CoverAppsTests;
				PRODUCT_NAME = "$(TARGET_NAME)";
				SWIFT_EMIT_LOC_STRINGS = NO;
				SWIFT_VERSION = 5.0;
				TARGETED_DEVICE_FAMILY = "1,2";
				TEST_HOST = "$(BUILT_PRODUCTS_DIR)/CoverApps.app/$(BUNDLE_EXECUTABLE_FOLDER_PATH)/CoverApps";
			};
			name = Release;
		};
		55A29D88295ACCCB00C01933 /* Debug */ = {
			isa = XCBuildConfiguration;
			baseConfigurationReference = E4AC88A0EF06DC5164B1B188 /* Pods-CoverApps-CoverAppsUITests.debug.xcconfig */;
			buildSettings = {
				ALWAYS_EMBED_SWIFT_STANDARD_LIBRARIES = YES;
				CODE_SIGN_STYLE = Automatic;
				CURRENT_PROJECT_VERSION = 1;
				GENERATE_INFOPLIST_FILE = YES;
				MARKETING_VERSION = 1.0;
				PRODUCT_BUNDLE_IDENTIFIER = test.CoverAppsUITests;
				PRODUCT_NAME = "$(TARGET_NAME)";
				SWIFT_EMIT_LOC_STRINGS = NO;
				SWIFT_VERSION = 5.0;
				TARGETED_DEVICE_FAMILY = "1,2";
				TEST_TARGET_NAME = CoverApps;
			};
			name = Debug;
		};
		55A29D89295ACCCB00C01933 /* Release */ = {
			isa = XCBuildConfiguration;
			baseConfigurationReference = 25C45CE0D90A96818AA1E41B /* Pods-CoverApps-CoverAppsUITests.release.xcconfig */;
			buildSettings = {
				ALWAYS_EMBED_SWIFT_STANDARD_LIBRARIES = YES;
				CODE_SIGN_STYLE = Automatic;
				CURRENT_PROJECT_VERSION = 1;
				GENERATE_INFOPLIST_FILE = YES;
				MARKETING_VERSION = 1.0;
				PRODUCT_BUNDLE_IDENTIFIER = test.CoverAppsUITests;
				PRODUCT_NAME = "$(TARGET_NAME)";
				SWIFT_EMIT_LOC_STRINGS = NO;
				SWIFT_VERSION = 5.0;
				TARGETED_DEVICE_FAMILY = "1,2";
				TEST_TARGET_NAME = CoverApps;
			};
			name = Release;
		};
/* End XCBuildConfiguration section */

/* Begin XCConfigurationList section */
		55A29D53295ACCC900C01933 /* Build configuration list for PBXProject "CoverApps" */ = {
			isa = XCConfigurationList;
			buildConfigurations = (
				55A29D7F295ACCCB00C01933 /* Debug */,
				55A29D80295ACCCB00C01933 /* Release */,
			);
			defaultConfigurationIsVisible = 0;
			defaultConfigurationName = Release;
		};
		55A29D81295ACCCB00C01933 /* Build configuration list for PBXNativeTarget "CoverApps" */ = {
			isa = XCConfigurationList;
			buildConfigurations = (
				55A29D82295ACCCB00C01933 /* Debug */,
				55A29D83295ACCCB00C01933 /* Release */,
			);
			defaultConfigurationIsVisible = 0;
			defaultConfigurationName = Release;
		};
		55A29D84295ACCCB00C01933 /* Build configuration list for PBXNativeTarget "CoverAppsTests" */ = {
			isa = XCConfigurationList;
			buildConfigurations = (
				55A29D85295ACCCB00C01933 /* Debug */,
				55A29D86295ACCCB00C01933 /* Release */,
			);
			defaultConfigurationIsVisible = 0;
			defaultConfigurationName = Release;
		};
		55A29D87295ACCCB00C01933 /* Build configuration list for PBXNativeTarget "CoverAppsUITests" */ = {
			isa = XCConfigurationList;
			buildConfigurations = (
				55A29D88295ACCCB00C01933 /* Debug */,
				55A29D89295ACCCB00C01933 /* Release */,
			);
			defaultConfigurationIsVisible = 0;
			defaultConfigurationName = Release;
		};
/* End XCConfigurationList section */

/* Begin XCVersionGroup section */
		55A29D66295ACCCB00C01933 /* CoverApps.xcdatamodeld */ = {
			isa = XCVersionGroup;
			children = (
				55A29D67295ACCCB00C01933 /* CoverApps.xcdatamodel */,
			);
			currentVersion = 55A29D67295ACCCB00C01933 /* CoverApps.xcdatamodel */;
			path = CoverApps.xcdatamodeld;
			sourceTree = "<group>";
			versionGroupType = wrapper.xcdatamodel;
		};
/* End XCVersionGroup section */
	};
	rootObject = 55A29D50295ACCC900C01933 /* Project object */;
}
